<?xml version="1.0" encoding="utf-8"?>
<Project ToolsVersion="4.0" xmlns="http://schemas.microsoft.com/developer/msbuild/2003">
  <ItemGroup>
    <Filter Include="Source Files">
      <UniqueIdentifier>{4FC737F1-C7A5-4376-A066-2A32D752A2FF}</UniqueIdentifier>
      <Extensions>cpp;c;cc;cxx;c++;cppm;ixx;def;odl;idl;hpj;bat;asm;asmx</Extensions>
    </Filter>
    <Filter Include="Header Files">
      <UniqueIdentifier>{93995380-89BD-4b04-88EB-625FBE52EBFB}</UniqueIdentifier>
      <Extensions>h;hh;hpp;hxx;h++;hm;inl;inc;ipp;xsd</Extensions>
    </Filter>
    <Filter Include="Resource Files">
      <UniqueIdentifier>{67DA6AB6-F800-4c08-8B7A-83BB121AAD01}</UniqueIdentifier>
      <Extensions>rc;ico;cur;bmp;dlg;rc2;rct;bin;rgs;gif;jpg;jpeg;jpe;resx;tiff;tif;png;wav;mfcribbon-ms</Extensions>
    </Filter>
    <Filter Include="Header Files\DatabaseManagement">
      <UniqueIdentifier>{1056c68d-b15c-4bbe-a528-6b49530ae89c}</UniqueIdentifier>
    </Filter>
    <Filter Include="Header Files\FileHandling">
      <UniqueIdentifier>{91dcad63-0042-4954-9538-78ee70e537fd}</UniqueIdentifier>
    </Filter>
    <Filter Include="Source Files\DatabaseManagement">
      <UniqueIdentifier>{7bcbce32-d94a-4973-8fc8-a4a7c055adf1}</UniqueIdentifier>
    </Filter>
    <Filter Include="Source Files\FileHandling">
      <UniqueIdentifier>{307ab839-bc3b-4332-ac84-a4212543a1fc}</UniqueIdentifier>
    </Filter>
  </ItemGroup>
  <ItemGroup>
    <ClCompile Include="GIS.cpp">
      <Filter>Source Files</Filter>
    </ClCompile>
    <ClCompile Include="DatabaseManagement\GISRecord.cpp">
      <Filter>Source Files</Filter>
    </ClCompile>
    <ClCompile Include="DatabaseManagement\BufferPool.cpp">
      <Filter>Source Files</Filter>
    </ClCompile>
    <ClCompile Include="DatabaseInterface\Logger.cpp">
      <Filter>Source Files</Filter>
    </ClCompile>
    <ClCompile Include="DatabaseInterface\CommandProcessor.cpp">
      <Filter>Source Files</Filter>
    </ClCompile>
    <ClCompile Include="DatabaseInterface\FileManagement.cpp">
      <Filter>Source Files</Filter>
    </ClCompile>
    <ClCompile Include="DatabaseManagement\QuadTree.cpp">
      <Filter>Source Files</Filter>
    </ClCompile>
    <ClCompile Include="DatabaseManagement\NameIndex.cpp">
      <Filter>Source Files</Filter>
    </ClCompile>
    <ClCompile Include="DatabaseManagement\CoordinateIndex.cpp">
      <Filter>Source Files</Filter>
    </ClCompile>
  </ItemGroup>
  <ItemGroup>
    <ClInclude Include="DatabaseManagement\CoordinateIndex.h">
      <Filter>Header Files</Filter>
    </ClInclude>
    <ClInclude Include="DatabaseManagement\GISRecord.h">
      <Filter>Header Files</Filter>
    </ClInclude>
    <ClInclude Include="DatabaseManagement\NameIndex.h">
      <Filter>Header Files</Filter>
    </ClInclude>
    <ClInclude Include="DatabaseManagement\BufferPool.h">
      <Filter>Header Files</Filter>
    </ClInclude>
    <ClInclude Include="DatabaseInterface\FileManagement.h">
      <Filter>Header Files</Filter>
    </ClInclude>
    <ClInclude Include="DatabaseInterface\Logger.h">
      <Filter>Header Files</Filter>
    </ClInclude>
    <ClInclude Include="DatabaseInterface\CommandProcessor.h">
      <Filter>Header Files</Filter>
    </ClInclude>
    <ClInclude Include="DatabaseManagement\HashTable.h">
      <Filter>Header Files</Filter>
    </ClInclude>
    <ClInclude Include="DatabaseManagement\QuadTree.h">
      <Filter>Header Files</Filter>
    </ClInclude>
  </ItemGroup>
</Project>